
Microsoft Visual Studio Solution File, Format Version 12.00
# Visual Studio Version 16
VisualStudioVersion = 16.0.30011.22
MinimumVisualStudioVersion = 10.0.40219.1
Project("{FAE04EC0-301F-11D3-BF4B-00C04F79EFBC}") = "PANDA SCORING", "PANDA SCORING\PANDA SCORING.csproj", "{2f9d5206-05bf-45f9-872a-a6d70ca34589}"
EndProject
Global
	GlobalSection(SolutionConfigurationPlatforms) = preSolution
		Debug|Any CPU = Debug|Any CPU
		Release|Any CPU = Release|Any CPU
	EndGlobalSection
	GlobalSection(ProjectConfigurationPlatforms) = postSolution
		{2f9d5206-05bf-45f9-872a-a6d70ca34589}.Debug|Any CPU.ActiveCfg = Debug|Any CPU
		{2f9d5206-05bf-45f9-872a-a6d70ca34589}.Debug|Any CPU.Build.0 = Debug|Any CPU
		{2f9d5206-05bf-45f9-872a-a6d70ca34589}.Release|Any CPU.ActiveCfg = Release|Any CPU
		{2f9d5206-05bf-45f9-872a-a6d70ca34589}.Release|Any CPU.Build.0 = Release|Any CPU
	EndGlobalSection
	GlobalSection(SolutionProperties) = preSolution
		HideSolutionNode = FALSE
	EndGlobalSection
EndGlobal
